golang.org/x/sync v0.16.0 h1:ycBJEhp9p4vXvUZNszeOq0kGTPghopOL8q0fq3vstxw=
golang.org/x/sync v0.16.0/go.mod h1:1dzgHSNfp02xaA81J2MS99Qcpr2w7fw1gpm99rleRqA=
resenje.org/singleflight v0.4.3 h1:l7foFYg8X/VEHPxWs1K/Pw77807RMVzvXgWGb0J1sdM=
resenje.org/singleflight v0.4.3/go.mod h1:lAgQK7VfjG6/pgredbQfmV0RvG/uVhKo6vSuZ0vCWfk=
